// !$*UTF8*$!
{
	archiveVersion = 1;
	classes = {
	};
	objectVersion = 46;
	objects = {

/* Begin PBXBuildFile section */
		9BCA070D1B42F07900B1AA12 /* main.m in Sources */ = {isa = PBXBuildFile; fileRef = 9BCA070C1B42F07900B1AA12 /* main.m */; };
		9BCA07101B42F07900B1AA12 /* AppDelegate.m in Sources */ = {isa = PBXBuildFile; fileRef = 9BCA070F1B42F07900B1AA12 /* AppDelegate.m */; };
		9BCA07131B42F07900B1AA12 /* MyProject.xcdatamodeld in Sources */ = {isa = PBXBuildFile; fileRef = 9BCA07111B42F07900B1AA12 /* MyProject.xcdatamodeld */; };
		9BCA07161B42F07900B1AA12 /* ViewController.m in Sources */ = {isa = PBXBuildFile; fileRef = 9BCA07151B42F07900B1AA12 /* ViewController.m */; };
		9BCA07191B42F07900B1AA12 /* Main.storyboard in Resources */ = {isa = PBXBuildFile; fileRef = 9BCA07171B42F07900B1AA12 /* Main.storyboard */; };
		9BCA071B1B42F07900B1AA12 /* Images.xcassets in Resources */ = {isa = PBXBuildFile; fileRef = 9BCA071A1B42F07900B1AA12 /* Images.xcassets */; };
		9BCA071E1B42F07900B1AA12 /* LaunchScreen.xib in Resources */ = {isa = PBXBuildFile; fileRef = 9BCA071C1B42F07900B1AA12 /* LaunchScreen.xib */; };
		9BCA072A1B42F07900B1AA12 /* MyProjectTests.m in Sources */ = {isa = PBXBuildFile; fileRef = 9BCA07291B42F07900B1AA12 /* MyProjectTests.m */; };
/* End PBXBuildFile section */

/* Begin PBXContainerItemProxy section */
		9BCA07241B42F07900B1AA12 /* PBXContainerItemProxy */ = {
			isa = PBXContainerItemProxy;
			containerPortal = 9BCA06FF1B42F07900B1AA12 /* Project object */;
			proxyType = 1;
			remoteGlobalIDString = 9BCA07061B42F07900B1AA12;
			remoteInfo = MyProject;
		};
/* End PBXContainerItemProxy section */

/* Begin PBXFileReference section */
		9BCA07071B42F07900B1AA12 /* MyProject.app */ = {isa = PBXFileReference; explicitFileType = wrapper.application; includeInIndex = 0; path = MyProject.app; sourceTree = BUILT_PRODUCTS_DIR; };
		9BCA070B1B42F07900B1AA12 /* Info.plist */ = {isa = PBXFileReference; lastKnownFileType = text.plist.xml; path = Info.plist; sourceTree = "<group>"; };
		9BCA070C1B42F07900B1AA12 /* main.m */ = {isa = PBXFileReference; lastKnownFileType = sourcecode.c.objc; path = main.m; sourceTree = "<group>"; };
		9BCA070E1B42F07900B1AA12 /* AppDelegate.h */ = {isa = PBXFileReference; lastKnownFileType = sourcecode.c.h; path = AppDelegate.h; sourceTree = "<group>"; };
		9BCA070F1B42F07900B1AA12 /* AppDelegate.m */ = {isa = PBXFileReference; lastKnownFileType = sourcecode.c.objc; path = AppDelegate.m; sourceTree = "<group>"; };
		9BCA07121B42F07900B1AA12 /* MyProject.xcdatamodel */ = {isa = PBXFileReference; lastKnownFileType = wrapper.xcdatamodel; path = MyProject.xcdatamodel; sourceTree = "<group>"; };
		9BCA07141B42F07900B1AA12 /* ViewController.h */ = {isa = PBXFileReference; lastKnownFileType = sourcecode.c.h; path = ViewController.h; sourceTree = "<group>"; };
		9BCA07151B42F07900B1AA12 /* ViewController.m */ = {isa = PBXFileReference; lastKnownFileType = sourcecode.c.objc; path = ViewController.m; sourceTree = "<group>"; };
		9BCA07181B42F07900B1AA12 /* Base */ = {isa = PBXFileReference; lastKnownFileType = file.storyboard; name = Base; path = Base.lproj/Main.storyboard; sourceTree = "<group>"; };
		9BCA071A1B42F07900B1AA12 /* Images.xcassets */ = {isa = PBXFileReference; lastKnownFileType = folder.assetcatalog; path = Images.xcassets; sourceTree = "<group>"; };
		9BCA071D1B42F07900B1AA12 /* Base */ = {isa = PBXFileReference; lastKnownFileType = file.xib; name = Base; path = Base.lproj/LaunchScreen.xib; sourceTree = "<group>"; };
		9BCA07231B42F07900B1AA12 /* MyProjectTests.xctest */ = {isa = PBXFileReference; explicitFileType = wrapper.cfbundle; includeInIndex = 0; path = MyProjectTests.xctest; sourceTree = BUILT_PRODUCTS_DIR; };
		9BCA07281B42F07900B1AA12 /* Info.plist */ = {isa = PBXFileReference; lastKnownFileType = text.plist.xml; path = Info.plist; sourceTree = "<group>"; };
		9BCA07291B42F07900B1AA12 /* MyProjectTests.m */ = {isa = PBXFileReference; lastKnownFileType = sourcecode.c.objc; path = MyProjectTests.m; sourceTree = "<group>"; };
/* End PBXFileReference section */

/* Begin PBXFrameworksBuildPhase section */
		9BCA07041B42F07900B1AA12 /* Frameworks */ = {
			isa = PBXFrameworksBuildPhase;
			buildActionMask = 2147483647;
			files = (
			);
			runOnlyForDeploymentPostprocessing = 0;
		};
		9BCA07201B42F07900B1AA12 /* Frameworks */ = {
			isa = PBXFrameworksBuildPhase;
			buildActionMask = 2147483647;
			files = (
			);
			runOnlyForDeploymentPostprocessing = 0;
		};
/* End PBXFrameworksBuildPhase section */

/* Begin PBXGroup section */
		9BCA06FE1B42F07900B1AA12 = {
			isa = PBXGroup;
			children = (
				9BCA07091B42F07900B1AA12 /* MyProject */,
				9BCA07261B42F07900B1AA12 /* MyProjectTests */,
				9BCA07081B42F07900B1AA12 /* Products */,
			);
			sourceTree = "<group>";
		};
		9BCA07081B42F07900B1AA12 /* Products */ = {
			isa = PBXGroup;
			children = (
				9BCA07071B42F07900B1AA12 /* MyProject.app */,
				9BCA07231B42F07900B1AA12 /* MyProjectTests.xctest */,
			);
			name = Products;
			sourceTree = "<group>";
		};
		9BCA07091B42F07900B1AA12 /* MyProject */ = {
			isa = PBXGroup;
			children = (
				9BCA070E1B42F07900B1AA12 /* AppDelegate.h */,
				9BCA070F1B42F07900B1AA12 /* AppDelegate.m */,
				9BCA07141B42F07900B1AA12 /* ViewController.h */,
				9BCA07151B42F07900B1AA12 /* ViewController.m */,
				9BCA07171B42F07900B1AA12 /* Main.storyboard */,
				9BCA071A1B42F07900B1AA12 /* Images.xcassets */,
				9BCA071C1B42F07900B1AA12 /* LaunchScreen.xib */,
				9BCA07111B42F07900B1AA12 /* MyProject.xcdatamodeld */,
				9BCA070A1B42F07900B1AA12 /* Supporting Files */,
			);
			path = MyProject;
			sourceTree = "<group>";
		};
		9BCA070A1B42F07900B1AA12 /* Supporting Files */ = {
			isa = PBXGroup;
			children = (
				9BCA070B1B42F07900B1AA12 /* Info.plist */,
				9BCA070C1B42F07900B1AA12 /* main.m */,
			);
			name = "Supporting Files";
			sourceTree = "<group>";
		};
		9BCA07261B42F07900B1AA12 /* MyProjectTests */ = {
			isa = PBXGroup;
			children = (
				9BCA07291B42F07900B1AA12 /* MyProjectTests.m */,
				9BCA07271B42F07900B1AA12 /* Supporting Files */,
			);
			path = MyProjectTests;
			sourceTree = "<group>";
		};
		9BCA07271B42F07900B1AA12 /* Supporting Files */ = {
			isa = PBXGroup;
			children = (
				9BCA07281B42F07900B1AA12 /* Info.plist */,
			);
			name = "Supporting Files";
			sourceTree = "<group>";
		};
/* End PBXGroup section */

/* Begin PBXNativeTarget section */
		9BCA07061B42F07900B1AA12 /* MyProject */ = {
			isa = PBXNativeTarget;
			buildConfigurationList = 9BCA072D1B42F07900B1AA12 /* Build configuration list for PBXNativeTarget "MyProject" */;
			buildPhases = (
				9BCA07031B42F07900B1AA12 /* Sources */,
				9BCA07041B42F07900B1AA12 /* Frameworks */,
				9BCA07051B42F07900B1AA12 /* Resources */,
			);
			buildRules = (
			);
			dependencies = (
			);
			name = MyProject;
			productName = MyProject;
			productReference = 9BCA07071B42F07900B1AA12 /* MyProject.app */;
			productType = "com.apple.product-type.application";
		};
		9BCA07221B42F07900B1AA12 /* MyProjectTests */ = {
			isa = PBXNativeTarget;
			buildConfigurationList = 9BCA07301B42F07900B1AA12 /* Build configuration list for PBXNativeTarget "MyProjectTests" */;
			buildPhases = (
				9BCA071F1B42F07900B1AA12 /* Sources */,
				9BCA07201B42F07900B1AA12 /* Frameworks */,
				9BCA07211B42F07900B1AA12 /* Resources */,
			);
			buildRules = (
			);
			dependencies = (
				9BCA07251B42F07900B1AA12 /* PBXTargetDependency */,
			);
			name = MyProjectTests;
			productName = MyProjectTests;
			productReference = 9BCA07231B42F07900B1AA12 /* MyProjectTests.xctest */;
			productType = "com.apple.product-type.bundle.unit-test";
		};
/* End PBXNativeTarget section */

/* Begin PBXProject section */
		9BCA06FF1B42F07900B1AA12 /* Project object */ = {
			isa = PBXProject;
			attributes = {
				LastUpgradeCheck = 0610;
				ORGANIZATIONNAME = richasproduction;
				TargetAttributes = {
					9BCA07061B42F07900B1AA12 = {
						CreatedOnToolsVersion = 6.1.1;
					};
					9BCA07221B42F07900B1AA12 = {
						CreatedOnToolsVersion = 6.1.1;
						TestTargetID = 9BCA07061B42F07900B1AA12;
					};
				};
			};
			buildConfigurationList = 9BCA07021B42F07900B1AA12 /* Build configuration list for PBXProject "MyProject" */;
			compatibilityVersion = "Xcode 3.2";
			developmentRegion = English;
			hasScannedForEncodings = 0;
			knownRegions = (
				en,
				Base,
			);
			mainGroup = 9BCA06FE1B42F07900B1AA12;
			productRefGroup = 9BCA07081B42F07900B1AA12 /* Products */;
			projectDirPath = "";
			projectRoot = "";
			targets = (
				9BCA07061B42F07900B1AA12 /* MyProject */,
				9BCA07221B42F07900B1AA12 /* MyProjectTests */,
			);
		};
/* End PBXProject section */

/* Begin PBXResourcesBuildPhase section */
		9BCA07051B42F07900B1AA12 /* Resources */ = {
			isa = PBXResourcesBuildPhase;
			buildActionMask = 2147483647;
			files = (
				9BCA07191B42F07900B1AA12 /* Main.storyboard in Resources */,
				9BCA071E1B42F07900B1AA12 /* LaunchScreen.xib in Resources */,
				9BCA071B1B42F07900B1AA12 /* Images.xcassets in Resources */,
			);
			runOnlyForDeploymentPostprocessing = 0;
		};
		9BCA07211B42F07900B1AA12 /* Resources */ = {
			isa = PBXResourcesBuildPhase;
			buildActionMask = 2147483647;
			files = (
			);
			runOnlyForDeploymentPostprocessing = 0;
		};
/* End PBXResourcesBuildPhase section */

/* Begin PBXSourcesBuildPhase section */
		9BCA07031B42F07900B1AA12 /* Sources */ = {
			isa = PBXSourcesBuildPhase;
			buildActionMask = 2147483647;
			files = (
				9BCA07101B42F07900B1AA12 /* AppDelegate.m in Sources */,
				9BCA07131B42F07900B1AA12 /* MyProject.xcdatamodeld in Sources */,
				9BCA07161B42F07900B1AA12 /* ViewController.m in Sources */,
				9BCA070D1B42F07900B1AA12 /* main.m in Sources */,
			);
			runOnlyForDeploymentPostprocessing = 0;
		};
		9BCA071F1B42F07900B1AA12 /* Sources */ = {
			isa = PBXSourcesBuildPhase;
			buildActionMask = 2147483647;
			files = (
				9BCA072A1B42F07900B1AA12 /* MyProjectTests.m in Sources */,
			);
			runOnlyForDeploymentPostprocessing = 0;
		};
/* End PBXSourcesBuildPhase section */

/* Begin PBXTargetDependency section */
		9BCA07251B42F07900B1AA12 /* PBXTargetDependency */ = {
			isa = PBXTargetDependency;
			target = 9BCA07061B42F07900B1AA12 /* MyProject */;
			targetProxy = 9BCA07241B42F07900B1AA12 /* PBXContainerItemProxy */;
		};
/* End PBXTargetDependency section */

/* Begin PBXVariantGroup section */
		9BCA07171B42F07900B1AA12 /* Main.storyboard */ = {
			isa = PBXVariantGroup;
			children = (
				9BCA07181B42F07900B1AA12 /* Base */,
			);
			name = Main.storyboard;
			sourceTree = "<group>";
		};
		9BCA071C1B42F07900B1AA12 /* LaunchScreen.xib */ = {
			isa = PBXVariantGroup;
			children = (
				9BCA071D1B42F07900B1AA12 /* Base */,
			);
			name = LaunchScreen.xib;
			sourceTree = "<group>";
		};
/* End PBXVariantGroup section */

/* Begin XCBuildConfiguration section */
		9BCA072B1B42F07900B1AA12 /* Debug */ = {
			isa = XCBuildConfiguration;
			buildSettings = {
				ALWAYS_SEARCH_USER_PATHS = NO;
				CLANG_CXX_LANGUAGE_STANDARD = "gnu++0x";
				CLANG_CXX_LIBRARY = "libc++";
				CLANG_ENABLE_MODULES = YES;
				CLANG_ENABLE_OBJC_ARC = YES;
				CLANG_WARN_BOOL_CONVERSION = YES;
				CLANG_WARN_CONSTANT_CONVERSION = YES;
				CLANG_WARN_DIRECT_OBJC_ISA_USAGE = YES_ERROR;
				CLANG_WARN_EMPTY_BODY = YES;
				CLANG_WARN_ENUM_CONVERSION = YES;
				CLANG_WARN_INT_CONVERSION = YES;
				CLANG_WARN_OBJC_ROOT_CLASS = YES_ERROR;
				CLANG_WARN_UNREACHABLE_CODE = YES;
				CLANG_WARN__DUPLICATE_METHOD_MATCH = YES;
				"CODE_SIGN_IDENTITY[sdk=iphoneos*]" = "iPhone Developer";
				COPY_PHASE_STRIP = NO;
				ENABLE_STRICT_OBJC_MSGSEND = YES;
				GCC_C_LANGUAGE_STANDARD = gnu99;
				GCC_DYNAMIC_NO_PIC = NO;
				GCC_OPTIMIZATION_LEVEL = 0;
				GCC_PREPROCESSOR_DEFINITIONS = (
					"DEBUG=1",
					"$(inherited)",
				);
				GCC_SYMBOLS_PRIVATE_EXTERN = NO;
				GCC_WARN_64_TO_32_BIT_CONVERSION = YES;
				GCC_WARN_ABOUT_RETURN_TYPE = YES_ERROR;
				GCC_WARN_UNDECLARED_SELECTOR = YES;
				GCC_WARN_UNINITIALIZED_AUTOS = YES_AGGRESSIVE;
				GCC_WARN_UNUSED_FUNCTION = YES;
				GCC_WARN_UNUSED_VARIABLE = YES;
				IPHONEOS_DEPLOYMENT_TARGET = 8.1;
				MTL_ENABLE_DEBUG_INFO = YES;
				ONLY_ACTIVE_ARCH = YES;
				SDKROOT = iphoneos;
			};
			name = Debug;
		};
		9BCA072C1B42F07900B1AA12 /* Release */ = {
			isa = XCBuildConfiguration;
			buildSettings = {
				ALWAYS_SEARCH_USER_PATHS = NO;
				CLANG_CXX_LANGUAGE_STANDARD = "gnu++0x";
				CLANG_CXX_LIBRARY = "libc++";
				CLANG_ENABLE_MODULES = YES;
				CLANG_ENABLE_OBJC_ARC = YES;
				CLANG_WARN_BOOL_CONVERSION = YES;
				CLANG_WARN_CONSTANT_CONVERSION = YES;
				CLANG_WARN_DIRECT_OBJC_ISA_USAGE = YES_ERROR;
				CLANG_WARN_EMPTY_BODY = YES;
				CLANG_WARN_ENUM_CONVERSION = YES;
				CLANG_WARN_INT_CONVERSION = YES;
				CLANG_WARN_OBJC_ROOT_CLASS = YES_ERROR;
				CLANG_WARN_UNREACHABLE_CODE = YES;
				CLANG_WARN__DUPLICATE_METHOD_MATCH = YES;
				"CODE_SIGN_IDENTITY[sdk=iphoneos*]" = "iPhone Developer";
				COPY_PHASE_STRIP = YES;
				ENABLE_NS_ASSERTIONS = NO;
				ENABLE_STRICT_OBJC_MSGSEND = YES;
				GCC_C_LANGUAGE_STANDARD = gnu99;
				GCC_WARN_64_TO_32_BIT_CONVERSION = YES;
				GCC_WARN_ABOUT_RETURN_TYPE = YES_ERROR;
				GCC_WARN_UNDECLARED_SELECTOR = YES;
				GCC_WARN_UNINITIALIZED_AUTOS = YES_AGGRESSIVE;
				GCC_WARN_UNUSED_FUNCTION = YES;
				GCC_WARN_UNUSED_VARIABLE = YES;
				IPHONEOS_DEPLOYMENT_TARGET = 8.1;
				MTL_ENABLE_DEBUG_INFO = NO;
				SDKROOT = iphoneos;
				VALIDATE_PRODUCT = YES;
			};
			name = Release;
		};
		9BCA072E1B42F07900B1AA12 /* Debug */ = {
			isa = XCBuildConfiguration;
			buildSettings = {
				ASSETCATALOG_COMPILER_APPICON_NAME = AppIcon;
				INFOPLIST_FILE = MyProject/Info.plist;
				LD_RUNPATH_SEARCH_PATHS = "$(inherited) @executable_path/Frameworks";
				PRODUCT_NAME = "$(TARGET_NAME)";
			};
			name = Debug;
		};
		9BCA072F1B42F07900B1AA12 /* Release */ = {
			isa = XCBuildConfiguration;
			buildSettings = {
				ASSETCATALOG_COMPILER_APPICON_NAME = AppIcon;
				INFOPLIST_FILE = MyProject/Info.plist;
				LD_RUNPATH_SEARCH_PATHS = "$(inherited) @executable_path/Frameworks";
				PRODUCT_NAME = "$(TARGET_NAME)";
			};
			name = Release;
		};
		9BCA07311B42F07900B1AA12 /* Debug */ = {
			isa = XCBuildConfiguration;
			buildSettings = {
				BUNDLE_LOADER = "$(TEST_HOST)";
				FRAMEWORK_SEARCH_PATHS = (
					"$(SDKROOT)/Developer/Library/Frameworks",
					"$(inherited)",
				);
				GCC_PREPROCESSOR_DEFINITIONS = (
					"DEBUG=1",
					"$(inherited)",
				);
				INFOPLIST_FILE = MyProjectTests/Info.plist;
				LD_RUNPATH_SEARCH_PATHS = "$(inherited) @executable_path/Frameworks @loader_path/Frameworks";
				PRODUCT_NAME = "$(TARGET_NAME)";
				TEST_HOST = "$(BUILT_PRODUCTS_DIR)/MyProject.app/MyProject";
			};
			name = Debug;
		};
		9BCA07321B42F07900B1AA12 /* Release */ = {
			isa = XCBuildConfiguration;
			buildSettings = {
				BUNDLE_LOADER = "$(TEST_HOST)";
				FRAMEWORK_SEARCH_PATHS = (
					"$(SDKROOT)/Developer/Library/Frameworks",
					"$(inherited)",
				);
				INFOPLIST_FILE = MyProjectTests/Info.plist;
				LD_RUNPATH_SEARCH_PATHS = "$(inherited) @executable_path/Frameworks @loader_path/Frameworks";
				PRODUCT_NAME = "$(TARGET_NAME)";
				TEST_HOST = "$(BUILT_PRODUCTS_DIR)/MyProject.app/MyProject";
			};
			name = Release;
		};
/* End XCBuildConfiguration section */

/* Begin XCConfigurationList section */
		9BCA07021B42F07900B1AA12 /* Build configuration list for PBXProject "MyProject" */ = {
			isa = XCConfigurationList;
			buildConfigurations = (
				9BCA072B1B42F07900B1AA12 /* Debug */,
				9BCA072C1B42F07900B1AA12 /* Release */,
			);
			defaultConfigurationIsVisible = 0;
			defaultConfigurationName = Release;
		};
		9BCA072D1B42F07900B1AA12 /* Build configuration list for PBXNativeTarget "MyProject" */ = {
			isa = XCConfigurationList;
			buildConfigurations = (
				9BCA072E1B42F07900B1AA12 /* Debug */,
				9BCA072F1B42F07900B1AA12 /* Release */,
			);
			defaultConfigurationIsVisible = 0;
		};
		9BCA07301B42F07900B1AA12 /* Build configuration list for PBXNativeTarget "MyProjectTests" */ = {
			isa = XCConfigurationList;
			buildConfigurations = (
				9BCA07311B42F07900B1AA12 /* Debug */,
				9BCA07321B42F07900B1AA12 /* Release */,
			);
			defaultConfigurationIsVisible = 0;
		};
/* End XCConfigurationList section */

/* Begin XCVersionGroup section */
		9BCA07111B42F07900B1AA12 /* MyProject.xcdatamodeld */ = {
			isa = XCVersionGroup;
			children = (
				9BCA07121B42F07900B1AA12 /* MyProject.xcdatamodel */,
			);
			currentVersion = 9BCA07121B42F07900B1AA12 /* MyProject.xcdatamodel */;
			path = MyProject.xcdatamodeld;
			sourceTree = "<group>";
			versionGroupType = wrapper.xcdatamodel;
		};
/* End XCVersionGroup section */
	};
	rootObject = 9BCA06FF1B42F07900B1AA12 /* Project object */;
}
